PODS:
  - AFNetworking (3.0.0):
    - AFNetworking/NSURLSession (= 3.0.0)
    - AFNetworking/Reachability (= 3.0.0)
    - AFNetworking/Security (= 3.0.0)
    - AFNetworking/Serialization (= 3.0.0)
    - AFNetworking/UIKit (= 3.0.0)
  - AFNetworking/NSURLSession (3.0.0):
    - AFNetworking/Reachability
    - AFNetworking/Security
    - AFNetworking/Serialization
  - AFNetworking/Reachability (3.0.0)
  - AFNetworking/Security (3.0.0)
  - AFNetworking/Serialization (3.0.0)
  - AFNetworking/UIKit (3.0.0):
    - AFNetworking/NSURLSession
  - BDBOAuth1Manager (2.0.0):
    - AFNetworking/NSURLSession (~> 3.0.0)
  - DGElasticPullToRefresh (1.0.3)
  - ElasticTransition (3.0.1):
    - MotionAnimation (~> 0.1.1)
  - JLToast (1.4.1)
  - MBProgressHUD (0.9.2)
  - MGSwipeTableCell (1.5.5)
  - MotionAnimation (0.1.1)
  - NVActivityIndicatorView (2.8)
  - PeekPop (0.1.5)
  - PrettyTimestamp (1.2.1)
  - UIScrollView-InfiniteScroll (0.7.3)

DEPENDENCIES:
  - AFNetworking (= 3.0.0)
  - BDBOAuth1Manager (= 2.0.0)
  - DGElasticPullToRefresh
  - ElasticTransition (~> 3.0.0)
  - JLToast (~> 1.4)
  - MBProgressHUD
  - MGSwipeTableCell
  - NVActivityIndicatorView
  - PeekPop
  - PrettyTimestamp
  - UIScrollView-InfiniteScroll

SPEC CHECKSUMS:
  AFNetworking: 932ff751f9d6fb1dad0b3af58b7e3ffba0a4e7fd
  BDBOAuth1Manager: 92d17d06f8a648602962304cd2f35ae7394fa001
  DGElasticPullToRefresh: 040f39ae69840b3261d163fe6735c5901bf851e9
  ElasticTransition: 231e60fa66f68f42129e7969736f4a9e69794f97
  JLToast: f2ccfdb8726e562e6c0154fa3658cd432021b1cc
  MBProgressHUD: 1569cf7ace17a8bac47aabfbb8580a49690386d1
  MGSwipeTableCell: bafeb5f351124544c9364ecbdf24c7b06a37d340
  MotionAnimation: ff356cfdbedcab52a5bfc94cc96ed44ea2f652e0
  NVActivityIndicatorView: 6aba1dbbd893f615a9452c9e66ae46473e1ce092
  PeekPop: 9a6b77f3af1d634878ef143790782ef5a78aa34a
  PrettyTimestamp: e355b8abd6ea1d697cfa8c8d60b4133b08beaf43
  UIScrollView-InfiniteScroll: b6c7d6d155dca7f9c5dd43813ecffeb301b3d50c

PODFILE CHECKSUM: c875000d929285b8aa02710378bd53de6c26843b

COCOAPODS: 1.0.1
